
Microsoft Visual Studio Solution File, Format Version 12.00
# Visual Studio Version 17
VisualStudioVersion = 17.5.33502.453
MinimumVisualStudioVersion = 10.0.40219.1
Project("{FAE04EC0-301F-11D3-BF4B-00C04F79EFBC}") = "tgbot", "tgbot.csproj", "{EDC9139C-E48D-41D9-ABB2-43A72190BFF5}"
EndProject
Global
	GlobalSection(SolutionConfigurationPlatforms) = preSolution
		Debug|Any CPU = Debug|Any CPU
		Release|Any CPU = Release|Any CPU
	EndGlobalSection
	GlobalSection(ProjectConfigurationPlatforms) = postSolution
		{EDC9139C-E48D-41D9-ABB2-43A72190BFF5}.Debug|Any CPU.ActiveCfg = Debug|Any CPU
		{EDC9139C-E48D-41D9-ABB2-43A72190BFF5}.Debug|Any CPU.Build.0 = Debug|Any CPU
		{EDC9139C-E48D-41D9-ABB2-43A72190BFF5}.Release|Any CPU.ActiveCfg = Release|Any CPU
		{EDC9139C-E48D-41D9-ABB2-43A72190BFF5}.Release|Any CPU.Build.0 = Release|Any CPU
	EndGlobalSection
	GlobalSection(SolutionProperties) = preSolution
		HideSolutionNode = FALSE
	EndGlobalSection
	GlobalSection(ExtensibilityGlobals) = postSolution
		SolutionGuid = {0B9DE3A4-6F5A-4DF7-B7A1-CE1320A92674}
	EndGlobalSection
EndGlobal
